// !$*UTF8*$!
{
	archiveVersion = 1;
	classes = {
	};
	objectVersion = 46;
	objects = {

/* Begin PBXBuildFile section */
		1AC6FB21180E996B004C840B /* libcocos2d Mac.a in Frameworks */ = {isa = PBXBuildFile; fileRef = 1AC6FAF9180E9839004C840B /* libcocos2d Mac.a */; };
		1AC6FB30180E99EB004C840B /* libcocos2d iOS.a in Frameworks */ = {isa = PBXBuildFile; fileRef = 1AC6FB07180E9839004C840B /* libcocos2d iOS.a */; };
		1D60589F0D05DD5A006BFB54 /* Foundation.framework in Frameworks */ = {isa = PBXBuildFile; fileRef = 1D30AB110D05D00D00671497 /* Foundation.framework */; };
		1DF5F4E00D08C38300B7A737 /* UIKit.framework in Frameworks */ = {isa = PBXBuildFile; fileRef = 1DF5F4DF0D08C38300B7A737 /* UIKit.framework */; };
		288765A50DF7441C002DB57D /* CoreGraphics.framework in Frameworks */ = {isa = PBXBuildFile; fileRef = 288765A40DF7441C002DB57D /* CoreGraphics.framework */; };
		3EACC98F19EE6D4300EB3C5E /* res in Resources */ = {isa = PBXBuildFile; fileRef = 3EACC98E19EE6D4300EB3C5E /* res */; };
		3EACC99019EE6D4300EB3C5E /* res in Resources */ = {isa = PBXBuildFile; fileRef = 3EACC98E19EE6D4300EB3C5E /* res */; };
		46880B8819C43A87006E1F66 /* AppDelegate.cpp in Sources */ = {isa = PBXBuildFile; fileRef = 46880B8419C43A87006E1F66 /* AppDelegate.cpp */; };
		46880B8919C43A87006E1F66 /* AppDelegate.cpp in Sources */ = {isa = PBXBuildFile; fileRef = 46880B8419C43A87006E1F66 /* AppDelegate.cpp */; };
		503AE0F817EB97AB00D1A890 /* Icon.icns in Resources */ = {isa = PBXBuildFile; fileRef = 503AE0F617EB97AB00D1A890 /* Icon.icns */; };
		503AE10017EB989F00D1A890 /* AppController.mm in Sources */ = {isa = PBXBuildFile; fileRef = 503AE0FB17EB989F00D1A890 /* AppController.mm */; };
		503AE10117EB989F00D1A890 /* main.m in Sources */ = {isa = PBXBuildFile; fileRef = 503AE0FC17EB989F00D1A890 /* main.m */; };
		503AE10217EB989F00D1A890 /* RootViewController.mm in Sources */ = {isa = PBXBuildFile; fileRef = 503AE0FF17EB989F00D1A890 /* RootViewController.mm */; };
		503AE10517EB98FF00D1A890 /* main.cpp in Sources */ = {isa = PBXBuildFile; fileRef = 503AE10317EB98FF00D1A890 /* main.cpp */; };
		503AE11217EB99EE00D1A890 /* libcurl.dylib in Frameworks */ = {isa = PBXBuildFile; fileRef = 503AE11117EB99EE00D1A890 /* libcurl.dylib */; };
		503AE11B17EB9C5A00D1A890 /* IOKit.framework in Frameworks */ = {isa = PBXBuildFile; fileRef = 503AE11A17EB9C5A00D1A890 /* IOKit.framework */; };
		5087E76317EB910900C73F5D /* Foundation.framework in Frameworks */ = {isa = PBXBuildFile; fileRef = 1D30AB110D05D00D00671497 /* Foundation.framework */; };
		5087E76717EB910900C73F5D /* libz.dylib in Frameworks */ = {isa = PBXBuildFile; fileRef = BF170DB412928DE900B8313A /* libz.dylib */; };
		5087E76817EB910900C73F5D /* QuartzCore.framework in Frameworks */ = {isa = PBXBuildFile; fileRef = BF1C47EA1293683800B63C5D /* QuartzCore.framework */; };
		5087E76917EB910900C73F5D /* OpenAL.framework in Frameworks */ = {isa = PBXBuildFile; fileRef = D44C620B132DFF330009C878 /* OpenAL.framework */; };
		5087E76A17EB910900C73F5D /* AVFoundation.framework in Frameworks */ = {isa = PBXBuildFile; fileRef = D44C620D132DFF430009C878 /* AVFoundation.framework */; };
		5087E76B17EB910900C73F5D /* AudioToolbox.framework in Frameworks */ = {isa = PBXBuildFile; fileRef = D44C620F132DFF4E0009C878 /* AudioToolbox.framework */; };
		5087E77D17EB970100C73F5D /* Default-568h@2x.png in Resources */ = {isa = PBXBuildFile; fileRef = 5087E77217EB970100C73F5D /* Default-568h@2x.png */; };
		5087E77E17EB970100C73F5D /* Default.png in Resources */ = {isa = PBXBuildFile; fileRef = 5087E77317EB970100C73F5D /* Default.png */; };
		5087E77F17EB970100C73F5D /* Default@2x.png in Resources */ = {isa = PBXBuildFile; fileRef = 5087E77417EB970100C73F5D /* Default@2x.png */; };
		5087E78017EB970100C73F5D /* Icon-114.png in Resources */ = {isa = PBXBuildFile; fileRef = 5087E77517EB970100C73F5D /* Icon-114.png */; };
		5087E78117EB970100C73F5D /* Icon-120.png in Resources */ = {isa = PBXBuildFile; fileRef = 5087E77617EB970100C73F5D /* Icon-120.png */; };
		5087E78217EB970100C73F5D /* Icon-144.png in Resources */ = {isa = PBXBuildFile; fileRef = 5087E77717EB970100C73F5D /* Icon-144.png */; };
		5087E78317EB970100C73F5D /* Icon-152.png in Resources */ = {isa = PBXBuildFile; fileRef = 5087E77817EB970100C73F5D /* Icon-152.png */; };
		5087E78417EB970100C73F5D /* Icon-57.png in Resources */ = {isa = PBXBuildFile; fileRef = 5087E77917EB970100C73F5D /* Icon-57.png */; };
		5087E78517EB970100C73F5D /* Icon-72.png in Resources */ = {isa = PBXBuildFile; fileRef = 5087E77A17EB970100C73F5D /* Icon-72.png */; };
		5087E78617EB970100C73F5D /* Icon-76.png in Resources */ = {isa = PBXBuildFile; fileRef = 5087E77B17EB970100C73F5D /* Icon-76.png */; };
		5087E78917EB974C00C73F5D /* AppKit.framework in Frameworks */ = {isa = PBXBuildFile; fileRef = 5087E78817EB974C00C73F5D /* AppKit.framework */; };
		5087E78B17EB975400C73F5D /* OpenGL.framework in Frameworks */ = {isa = PBXBuildFile; fileRef = 5087E78A17EB975400C73F5D /* OpenGL.framework */; };
		50EF629617ECD46A001EB2F8 /* Icon-40.png in Resources */ = {isa = PBXBuildFile; fileRef = 50EF629217ECD46A001EB2F8 /* Icon-40.png */; };
		50EF629717ECD46A001EB2F8 /* Icon-58.png in Resources */ = {isa = PBXBuildFile; fileRef = 50EF629317ECD46A001EB2F8 /* Icon-58.png */; };
		50EF629817ECD46A001EB2F8 /* Icon-80.png in Resources */ = {isa = PBXBuildFile; fileRef = 50EF629417ECD46A001EB2F8 /* Icon-80.png */; };
		50EF629917ECD46A001EB2F8 /* Icon-100.png in Resources */ = {isa = PBXBuildFile; fileRef = 50EF629517ECD46A001EB2F8 /* Icon-100.png */; };
		50EF62A217ECD613001EB2F8 /* Icon-29.png in Resources */ = {isa = PBXBuildFile; fileRef = 50EF62A017ECD613001EB2F8 /* Icon-29.png */; };
		50EF62A317ECD613001EB2F8 /* Icon-50.png in Resources */ = {isa = PBXBuildFile; fileRef = 50EF62A117ECD613001EB2F8 /* Icon-50.png */; };
		521A8E6419F0C34300D177D7 /* Default-667h@2x.png in Resources */ = {isa = PBXBuildFile; fileRef = 521A8E6219F0C34300D177D7 /* Default-667h@2x.png */; };
		521A8E6519F0C34300D177D7 /* Default-736h@3x.png in Resources */ = {isa = PBXBuildFile; fileRef = 521A8E6319F0C34300D177D7 /* Default-736h@3x.png */; };
		521A8EA919F11F5000D177D7 /* fonts in Resources */ = {isa = PBXBuildFile; fileRef = 521A8EA819F11F5000D177D7 /* fonts */; };
		521A8EAA19F11F5000D177D7 /* fonts in Resources */ = {isa = PBXBuildFile; fileRef = 521A8EA819F11F5000D177D7 /* fonts */; };
		B90C4D5D1A80895800F9D88A /* BearAnimation in Resources */ = {isa = PBXBuildFile; fileRef = B90C4D5C1A80895800F9D88A /* BearAnimation */; };
		B90C4D5E1A80895800F9D88A /* BearAnimation in Resources */ = {isa = PBXBuildFile; fileRef = B90C4D5C1A80895800F9D88A /* BearAnimation */; };
		B90D94FC1AC77DFF005E8020 /* bread.cpp in Sources */ = {isa = PBXBuildFile; fileRef = B90D94FA1AC77DFF005E8020 /* bread.cpp */; };
		B90D94FE1AC797D1005E8020 /* health.png in Resources */ = {isa = PBXBuildFile; fileRef = B90D94FD1AC797D1005E8020 /* health.png */; };
		B924E6B31AA9873D008D38EB /* Buttons in Resources */ = {isa = PBXBuildFile; fileRef = B924E6B21AA9873D008D38EB /* Buttons */; };
		B934FD7F1A916170004AE287 /* Character.cpp in Sources */ = {isa = PBXBuildFile; fileRef = B934FD7D1A916170004AE287 /* Character.cpp */; };
		B934FD801A916170004AE287 /* Character.cpp in Sources */ = {isa = PBXBuildFile; fileRef = B934FD7D1A916170004AE287 /* Character.cpp */; };
		B93F95451A7F3FF700F21148 /* SneakyJoystick.cpp in Sources */ = {isa = PBXBuildFile; fileRef = B93F95411A7F3FF700F21148 /* SneakyJoystick.cpp */; };
		B93F95461A7F3FF700F21148 /* SneakyJoystick.cpp in Sources */ = {isa = PBXBuildFile; fileRef = B93F95411A7F3FF700F21148 /* SneakyJoystick.cpp */; };
		B93F95471A7F3FF700F21148 /* SneakyJoystickSkinnedBase.cpp in Sources */ = {isa = PBXBuildFile; fileRef = B93F95431A7F3FF700F21148 /* SneakyJoystickSkinnedBase.cpp */; };
		B93F95481A7F3FF700F21148 /* SneakyJoystickSkinnedBase.cpp in Sources */ = {isa = PBXBuildFile; fileRef = B93F95431A7F3FF700F21148 /* SneakyJoystickSkinnedBase.cpp */; };
		B94433F41A999D78001CC802 /* Virtual Joystick in Resources */ = {isa = PBXBuildFile; fileRef = B94433F31A999D78001CC802 /* Virtual Joystick */; };
		B94434031A999EDF001CC802 /* Background.png in Resources */ = {isa = PBXBuildFile; fileRef = B94433F61A999EDF001CC802 /* Background.png */; };
		B94434041A999EDF001CC802 /* Ball.png in Resources */ = {isa = PBXBuildFile; fileRef = B94433F71A999EDF001CC802 /* Ball.png */; };
		B94434051A999EDF001CC802 /* MainMenuScene.png in Resources */ = {isa = PBXBuildFile; fileRef = B94433F81A999EDF001CC802 /* MainMenuScene.png */; };
		B94434061A999EDF001CC802 /* Menu Button Clicked.png in Resources */ = {isa = PBXBuildFile; fileRef = B94433F91A999EDF001CC802 /* Menu Button Clicked.png */; };
		B94434071A999EDF001CC802 /* Menu Button.png in Resources */ = {isa = PBXBuildFile; fileRef = B94433FA1A999EDF001CC802 /* Menu Button.png */; };
		B94434081A999EDF001CC802 /* Pipe.png in Resources */ = {isa = PBXBuildFile; fileRef = B94433FB1A999EDF001CC802 /* Pipe.png */; };
		B94434091A999EDF001CC802 /* Play Button Clicked.png in Resources */ = {isa = PBXBuildFile; fileRef = B94433FC1A999EDF001CC802 /* Play Button Clicked.png */; };
		B944340A1A999EDF001CC802 /* Play Button.png in Resources */ = {isa = PBXBuildFile; fileRef = B94433FD1A999EDF001CC802 /* Play Button.png */; };
		B944340B1A999EDF001CC802 /* Retry Button Clicked.png in Resources */ = {isa = PBXBuildFile; fileRef = B94433FE1A999EDF001CC802 /* Retry Button Clicked.png */; };
		B944340C1A999EDF001CC802 /* Retry Button.png in Resources */ = {isa = PBXBuildFile; fileRef = B94433FF1A999EDF001CC802 /* Retry Button.png */; };
		B944340D1A999EDF001CC802 /* SplashScene_ipad.png in Resources */ = {isa = PBXBuildFile; fileRef = B94434001A999EDF001CC802 /* SplashScene_ipad.png */; };
		B944340E1A999EDF001CC802 /* SplashScene.png in Resources */ = {isa = PBXBuildFile; fileRef = B94434011A999EDF001CC802 /* SplashScene.png */; };
		B944340F1A999EDF001CC802 /* Title.png in Resources */ = {isa = PBXBuildFile; fileRef = B94434021A999EDF001CC802 /* Title.png */; };
		B94A28701AAB916700E67907 /* monster.cpp in Sources */ = {isa = PBXBuildFile; fileRef = B94A286E1AAB916700E67907 /* monster.cpp */; };
		B94A28711AAB916700E67907 /* monster.cpp in Sources */ = {isa = PBXBuildFile; fileRef = B94A286E1AAB916700E67907 /* monster.cpp */; };
		B94A28731AAB91B600E67907 /* MonsterAnimation in Resources */ = {isa = PBXBuildFile; fileRef = B94A28721AAB91B600E67907 /* MonsterAnimation */; };
		B94A28741AAB91B600E67907 /* MonsterAnimation in Resources */ = {isa = PBXBuildFile; fileRef = B94A28721AAB91B600E67907 /* MonsterAnimation */; };
		B94A28791AAB9B4600E67907 /* bbg_fall_grassland.jpg in Resources */ = {isa = PBXBuildFile; fileRef = B94A28781AAB9B4600E67907 /* bbg_fall_grassland.jpg */; };
		B94A287A1AAB9B4600E67907 /* bbg_fall_grassland.jpg in Resources */ = {isa = PBXBuildFile; fileRef = B94A28781AAB9B4600E67907 /* bbg_fall_grassland.jpg */; };
		B94CEBC01AE46D550054D735 /* 19.png in Resources */ = {isa = PBXBuildFile; fileRef = B94CEBBF1AE46D550054D735 /* 19.png */; };
		B953A8991A7C9C6C00C85339 /* Hit.mp3 in Resources */ = {isa = PBXBuildFile; fileRef = B953A8501A7C9C6C00C85339 /* Hit.mp3 */; };
		B953A89A1A7C9C6C00C85339 /* Hit.mp3 in Resources */ = {isa = PBXBuildFile; fileRef = B953A8501A7C9C6C00C85339 /* Hit.mp3 */; };
		B953A89B1A7C9C6C00C85339 /* Point.mp3 in Resources */ = {isa = PBXBuildFile; fileRef = B953A8511A7C9C6C00C85339 /* Point.mp3 */; };
		B953A89C1A7C9C6C00C85339 /* Point.mp3 in Resources */ = {isa = PBXBuildFile; fileRef = B953A8511A7C9C6C00C85339 /* Point.mp3 */; };
		B953A89D1A7C9C6C00C85339 /* Wing.mp3 in Resources */ = {isa = PBXBuildFile; fileRef = B953A8521A7C9C6C00C85339 /* Wing.mp3 */; };
		B953A89E1A7C9C6C00C85339 /* Wing.mp3 in Resources */ = {isa = PBXBuildFile; fileRef = B953A8521A7C9C6C00C85339 /* Wing.mp3 */; };
		B953A8A11A7C9DC800C85339 /* SplashScene.cpp in Sources */ = {isa = PBXBuildFile; fileRef = B953A89F1A7C9DC800C85339 /* SplashScene.cpp */; };
		B953A8A21A7C9DC800C85339 /* SplashScene.cpp in Sources */ = {isa = PBXBuildFile; fileRef = B953A89F1A7C9DC800C85339 /* SplashScene.cpp */; };
		B953A8A91A7CA01D00C85339 /* GameOverScene.cpp in Sources */ = {isa = PBXBuildFile; fileRef = B953A8A31A7CA01D00C85339 /* GameOverScene.cpp */; };
		B953A8AA1A7CA01D00C85339 /* GameOverScene.cpp in Sources */ = {isa = PBXBuildFile; fileRef = B953A8A31A7CA01D00C85339 /* GameOverScene.cpp */; };
		B953A8AB1A7CA01D00C85339 /* GameScene.cpp in Sources */ = {isa = PBXBuildFile; fileRef = B953A8A51A7CA01D00C85339 /* GameScene.cpp */; };
		B953A8AC1A7CA01D00C85339 /* GameScene.cpp in Sources */ = {isa = PBXBuildFile; fileRef = B953A8A51A7CA01D00C85339 /* GameScene.cpp */; };
		B953A8AD1A7CA01D00C85339 /* MainMenuScene.cpp in Sources */ = {isa = PBXBuildFile; fileRef = B953A8A71A7CA01D00C85339 /* MainMenuScene.cpp */; };
		B953A8AE1A7CA01D00C85339 /* MainMenuScene.cpp in Sources */ = {isa = PBXBuildFile; fileRef = B953A8A71A7CA01D00C85339 /* MainMenuScene.cpp */; };
		B968ED3A1ADC349C00E957B8 /* Boss.cpp in Sources */ = {isa = PBXBuildFile; fileRef = B968ED381ADC349C00E957B8 /* Boss.cpp */; };
		B99737591AEA1D97007FFE2F /* arrow.png in Resources */ = {isa = PBXBuildFile; fileRef = B99737581AEA1D97007FFE2F /* arrow.png */; };
		B99FA2501AE0821200E52705 /* bullet.png in Resources */ = {isa = PBXBuildFile; fileRef = B99FA24F1AE0821200E52705 /* bullet.png */; };
		B9A7EE861AAD6D87001196AD /* fireball.png in Resources */ = {isa = PBXBuildFile; fileRef = B9A7EE851AAD6D87001196AD /* fireball.png */; };
		B9B583981AA3C99B00C82040 /* bomb.png in Resources */ = {isa = PBXBuildFile; fileRef = B9B583971AA3C99B00C82040 /* bomb.png */; };
		B9B5839A1AA3D26200C82040 /* numbers in Resources */ = {isa = PBXBuildFile; fileRef = B9B583991AA3D26200C82040 /* numbers */; };
		B9B5839B1AA3D26200C82040 /* numbers in Resources */ = {isa = PBXBuildFile; fileRef = B9B583991AA3D26200C82040 /* numbers */; };
		B9B5839D1AA3DE2900C82040 /* bear1.png in Resources */ = {isa = PBXBuildFile; fileRef = B9B5839C1AA3DE2900C82040 /* bear1.png */; };
		B9B5839E1AA3DE2900C82040 /* bear1.png in Resources */ = {isa = PBXBuildFile; fileRef = B9B5839C1AA3DE2900C82040 /* bear1.png */; };
		B9D3EFE31A9E535E00DEB208 /* Item.cpp in Sources */ = {isa = PBXBuildFile; fileRef = B9D3EFE11A9E535E00DEB208 /* Item.cpp */; };
		B9DC41821AE0AC640015BDEA /* boss_plist in Resources */ = {isa = PBXBuildFile; fileRef = B9DC41811AE0AC640015BDEA /* boss_plist */; };
		B9E53B821AA7DF6C004684AC /* explode in Resources */ = {isa = PBXBuildFile; fileRef = B9E53B811AA7DF6C004684AC /* explode */; };
		B9E53B831AA7DF6C004684AC /* explode in Resources */ = {isa = PBXBuildFile; fileRef = B9E53B811AA7DF6C004684AC /* explode */; };
		B9E5D5761AE479E600FB2DF5 /* Level1.png in Resources */ = {isa = PBXBuildFile; fileRef = B9E5D5721AE479E600FB2DF5 /* Level1.png */; };
		B9E5D5771AE479E600FB2DF5 /* Level2.png in Resources */ = {isa = PBXBuildFile; fileRef = B9E5D5731AE479E600FB2DF5 /* Level2.png */; };
		B9E5D5781AE479E600FB2DF5 /* MonsterAnimation2 in Resources */ = {isa = PBXBuildFile; fileRef = B9E5D5741AE479E600FB2DF5 /* MonsterAnimation2 */; };
		B9E5D5791AE479E600FB2DF5 /* TransBackground.jpg in Resources */ = {isa = PBXBuildFile; fileRef = B9E5D5751AE479E600FB2DF5 /* TransBackground.jpg */; };
		B9E5D5841AE4822B00FB2DF5 /* monster2.cpp in Sources */ = {isa = PBXBuildFile; fileRef = B9E5D5801AE4822B00FB2DF5 /* monster2.cpp */; };
		B9E5D5851AE4822B00FB2DF5 /* TransScene.cpp in Sources */ = {isa = PBXBuildFile; fileRef = B9E5D5821AE4822B00FB2DF5 /* TransScene.cpp */; };
		B9E5D58A1AE4840700FB2DF5 /* GameScene2.cpp in Sources */ = {isa = PBXBuildFile; fileRef = B9E5D5861AE4840700FB2DF5 /* GameScene2.cpp */; };
		B9E5D58F1AE48E2000FB2DF5 /* GameScene3.cpp in Sources */ = {isa = PBXBuildFile; fileRef = B9E5D58D1AE48E2000FB2DF5 /* GameScene3.cpp */; };
		B9E5D5921AE4916B00FB2DF5 /* TranScene2.cpp in Sources */ = {isa = PBXBuildFile; fileRef = B9E5D5901AE4916B00FB2DF5 /* TranScene2.cpp */; };
		B9E5D5961AE497F500FB2DF5 /* background.mp3 in Resources */ = {isa = PBXBuildFile; fileRef = B9E5D5951AE497F500FB2DF5 /* background.mp3 */; };
		B9F980AA1AA803A000FF2CA4 /* empty.png in Resources */ = {isa = PBXBuildFile; fileRef = B9F980A91AA803A000FF2CA4 /* empty.png */; };
		B9F980AE1AA9217E00FF2CA4 /* character in Resources */ = {isa = PBXBuildFile; fileRef = B9F980AD1AA9217E00FF2CA4 /* character */; };
		B9F980AF1AA9217E00FF2CA4 /* character in Resources */ = {isa = PBXBuildFile; fileRef = B9F980AD1AA9217E00FF2CA4 /* character */; };
		B9F980B21AA921AA00FF2CA4 /* ProgressView.cpp in Sources */ = {isa = PBXBuildFile; fileRef = B9F980B01AA921AA00FF2CA4 /* ProgressView.cpp */; };
		B9F980B31AA921AA00FF2CA4 /* ProgressView.cpp in Sources */ = {isa = PBXBuildFile; fileRef = B9F980B01AA921AA00FF2CA4 /* ProgressView.cpp */; };
		B9F980B81AA9221D00FF2CA4 /* kuang.png in Resources */ = {isa = PBXBuildFile; fileRef = B9F980B41AA9221D00FF2CA4 /* kuang.png */; };
		B9F980B91AA9221D00FF2CA4 /* kuang.png in Resources */ = {isa = PBXBuildFile; fileRef = B9F980B41AA9221D00FF2CA4 /* kuang.png */; };
		B9F980BA1AA9221D00FF2CA4 /* touxiang.png in Resources */ = {isa = PBXBuildFile; fileRef = B9F980B51AA9221D00FF2CA4 /* touxiang.png */; };
		B9F980BB1AA9221D00FF2CA4 /* touxiang.png in Resources */ = {isa = PBXBuildFile; fileRef = B9F980B51AA9221D00FF2CA4 /* touxiang.png */; };
		B9F980BC1AA9221D00FF2CA4 /* xue_back.png in Resources */ = {isa = PBXBuildFile; fileRef = B9F980B61AA9221D00FF2CA4 /* xue_back.png */; };
		B9F980BD1AA9221D00FF2CA4 /* xue_back.png in Resources */ = {isa = PBXBuildFile; fileRef = B9F980B61AA9221D00FF2CA4 /* xue_back.png */; };
		B9F980BE1AA9221D00FF2CA4 /* xue_fore.png in Resources */ = {isa = PBXBuildFile; fileRef = B9F980B71AA9221D00FF2CA4 /* xue_fore.png */; };
		B9F980BF1AA9221D00FF2CA4 /* xue_fore.png in Resources */ = {isa = PBXBuildFile; fileRef = B9F980B71AA9221D00FF2CA4 /* xue_fore.png */; };
		B9F980C11AA9224D00FF2CA4 /* character.png in Resources */ = {isa = PBXBuildFile; fileRef = B9F980C01AA9224D00FF2CA4 /* character.png */; };
		B9F980C21AA9224D00FF2CA4 /* character.png in Resources */ = {isa = PBXBuildFile; fileRef = B9F980C01AA9224D00FF2CA4 /* character.png */; };
		BF171245129291EC00B8313A /* OpenGLES.framework in Frameworks */ = {isa = PBXBuildFile; fileRef = BF170DB012928DE900B8313A /* OpenGLES.framework */; };
		BF1712471292920000B8313A /* libz.dylib in Frameworks */ = {isa = PBXBuildFile; fileRef = BF170DB412928DE900B8313A /* libz.dylib */; };
		BF1C47F01293687400B63C5D /* QuartzCore.framework in Frameworks */ = {isa = PBXBuildFile; fileRef = BF1C47EA1293683800B63C5D /* QuartzCore.framework */; };
		D44C620C132DFF330009C878 /* OpenAL.framework in Frameworks */ = {isa = PBXBuildFile; fileRef = D44C620B132DFF330009C878 /* OpenAL.framework */; };
		D44C620E132DFF430009C878 /* AVFoundation.framework in Frameworks */ = {isa = PBXBuildFile; fileRef = D44C620D132DFF430009C878 /* AVFoundation.framework */; };
		D44C6210132DFF4E0009C878 /* AudioToolbox.framework in Frameworks */ = {isa = PBXBuildFile; fileRef = D44C620F132DFF4E0009C878 /* AudioToolbox.framework */; };
		D6B0611B1803AB670077942B /* CoreMotion.framework in Frameworks */ = {isa = PBXBuildFile; fileRef = D6B0611A1803AB670077942B /* CoreMotion.framework */; };
/* End PBXBuildFile section */

/* Begin PBXContainerItemProxy section */
		1AC6FAF8180E9839004C840B /* PBXContainerItemProxy */ = {
			isa = PBXContainerItemProxy;
			containerPortal = 1AC6FAE5180E9839004C840B /* cocos2d_libs.xcodeproj */;
			proxyType = 2;
			remoteGlobalIDString = 1551A33F158F2AB200E66CFE;
			remoteInfo = "cocos2dx Mac";
		};
		1AC6FB06180E9839004C840B /* PBXContainerItemProxy */ = {
			isa = PBXContainerItemProxy;
			containerPortal = 1AC6FAE5180E9839004C840B /* cocos2d_libs.xcodeproj */;
			proxyType = 2;
			remoteGlobalIDString = A07A4D641783777C0073F6A7;
			remoteInfo = "cocos2dx iOS";
		};
		1AC6FB15180E9959004C840B /* PBXContainerItemProxy */ = {
			isa = PBXContainerItemProxy;
			containerPortal = 1AC6FAE5180E9839004C840B /* cocos2d_libs.xcodeproj */;
			proxyType = 1;
			remoteGlobalIDString = 1551A33E158F2AB200E66CFE;
			remoteInfo = "cocos2dx Mac";
		};
		1AC6FB24180E99E1004C840B /* PBXContainerItemProxy */ = {
			isa = PBXContainerItemProxy;
			containerPortal = 1AC6FAE5180E9839004C840B /* cocos2d_libs.xcodeproj */;
			proxyType = 1;
			remoteGlobalIDString = A07A4C241783777C0073F6A7;
			remoteInfo = "cocos2dx iOS";
		};
/* End PBXContainerItemProxy section */

/* Begin PBXFileReference section */
		1AC6FAE5180E9839004C840B /* cocos2d_libs.xcodeproj */ = {isa = PBXFileReference; lastKnownFileType = "wrapper.pb-project"; name = cocos2d_libs.xcodeproj; path = ../cocos2d/build/cocos2d_libs.xcodeproj; sourceTree = "<group>"; };
		1ACB3243164770DE00914215 /* libcurl.a */ = {isa = PBXFileReference; lastKnownFileType = archive.ar; name = libcurl.a; path = ../../cocos2dx/platform/third_party/ios/libraries/libcurl.a; sourceTree = "<group>"; };
		1D30AB110D05D00D00671497 /* Foundation.framework */ = {isa = PBXFileReference; lastKnownFileType = wrapper.framework; name = Foundation.framework; path = System/Library/Frameworks/Foundation.framework; sourceTree = SDKROOT; };
		1D6058910D05DD3D006BFB54 /* schoolKeeper iOS.app */ = {isa = PBXFileReference; explicitFileType = wrapper.application; includeInIndex = 0; path = "schoolKeeper iOS.app"; sourceTree = BUILT_PRODUCTS_DIR; };
		1DF5F4DF0D08C38300B7A737 /* UIKit.framework */ = {isa = PBXFileReference; lastKnownFileType = wrapper.framework; name = UIKit.framework; path = System/Library/Frameworks/UIKit.framework; sourceTree = SDKROOT; };
		288765A40DF7441C002DB57D /* CoreGraphics.framework */ = {isa = PBXFileReference; lastKnownFileType = wrapper.framework; name = CoreGraphics.framework; path = System/Library/Frameworks/CoreGraphics.framework; sourceTree = SDKROOT; };
		3EACC98E19EE6D4300EB3C5E /* res */ = {isa = PBXFileReference; lastKnownFileType = folder; path = res; sourceTree = "<group>"; };
		46880B8419C43A87006E1F66 /* AppDelegate.cpp */ = {isa = PBXFileReference; fileEncoding = 4; lastKnownFileType = sourcecode.cpp.cpp; path = AppDelegate.cpp; sourceTree = "<group>"; };
		46880B8519C43A87006E1F66 /* AppDelegate.h */ = {isa = PBXFileReference; fileEncoding = 4; lastKnownFileType = sourcecode.c.h; path = AppDelegate.h; sourceTree = "<group>"; };
		503AE0F617EB97AB00D1A890 /* Icon.icns */ = {isa = PBXFileReference; lastKnownFileType = image.icns; path = Icon.icns; sourceTree = "<group>"; };
		503AE0F717EB97AB00D1A890 /* Info.plist */ = {isa = PBXFileReference; fileEncoding = 4; lastKnownFileType = text.plist.xml; path = Info.plist; sourceTree = "<group>"; };
		503AE0FA17EB989F00D1A890 /* AppController.h */ = {isa = PBXFileReference; fileEncoding = 4; lastKnownFileType = sourcecode.c.h; name = AppController.h; path = ios/AppController.h; sourceTree = SOURCE_ROOT; };
		503AE0FB17EB989F00D1A890 /* AppController.mm */ = {isa = PBXFileReference; fileEncoding = 4; lastKnownFileType = sourcecode.cpp.objcpp; name = AppController.mm; path = ios/AppController.mm; sourceTree = SOURCE_ROOT; };
		503AE0FC17EB989F00D1A890 /* main.m */ = {isa = PBXFileReference; fileEncoding = 4; lastKnownFileType = sourcecode.c.objc; name = main.m; path = ios/main.m; sourceTree = SOURCE_ROOT; };
		503AE0FD17EB989F00D1A890 /* Prefix.pch */ = {isa = PBXFileReference; fileEncoding = 4; lastKnownFileType = sourcecode.c.h; name = Prefix.pch; path = ios/Prefix.pch; sourceTree = SOURCE_ROOT; };
		503AE0FE17EB989F00D1A890 /* RootViewController.h */ = {isa = PBXFileReference; fileEncoding = 4; lastKnownFileType = sourcecode.c.h; name = RootViewController.h; path = ios/RootViewController.h; sourceTree = SOURCE_ROOT; };
		503AE0FF17EB989F00D1A890 /* RootViewController.mm */ = {isa = PBXFileReference; fileEncoding = 4; lastKnownFileType = sourcecode.cpp.objcpp; name = RootViewController.mm; path = ios/RootViewController.mm; sourceTree = SOURCE_ROOT; };
		503AE10317EB98FF00D1A890 /* main.cpp */ = {isa = PBXFileReference; fileEncoding = 4; lastKnownFileType = sourcecode.cpp.cpp; name = main.cpp; path = mac/main.cpp; sourceTree = "<group>"; };
		503AE10417EB98FF00D1A890 /* Prefix.pch */ = {isa = PBXFileReference; fileEncoding = 4; lastKnownFileType = sourcecode.c.h; name = Prefix.pch; path = mac/Prefix.pch; sourceTree = "<group>"; };
		503AE11117EB99EE00D1A890 /* libcurl.dylib */ = {isa = PBXFileReference; lastKnownFileType = "compiled.mach-o.dylib"; name = libcurl.dylib; path = usr/lib/libcurl.dylib; sourceTree = SDKROOT; };
		503AE11A17EB9C5A00D1A890 /* IOKit.framework */ = {isa = PBXFileReference; lastKnownFileType = wrapper.framework; name = IOKit.framework; path = System/Library/Frameworks/IOKit.framework; sourceTree = SDKROOT; };
		5087E76F17EB910900C73F5D /* schoolKeeper Mac.app */ = {isa = PBXFileReference; explicitFileType = wrapper.application; includeInIndex = 0; path = "schoolKeeper Mac.app"; sourceTree = BUILT_PRODUCTS_DIR; };
		5087E77217EB970100C73F5D /* Default-568h@2x.png */ = {isa = PBXFileReference; lastKnownFileType = image.png; path = "Default-568h@2x.png"; sourceTree = "<group>"; };
		5087E77317EB970100C73F5D /* Default.png */ = {isa = PBXFileReference; lastKnownFileType = image.png; path = Default.png; sourceTree = "<group>"; };
		5087E77417EB970100C73F5D /* Default@2x.png */ = {isa = PBXFileReference; lastKnownFileType = image.png; path = "Default@2x.png"; sourceTree = "<group>"; };
		5087E77517EB970100C73F5D /* Icon-114.png */ = {isa = PBXFileReference; lastKnownFileType = image.png; path = "Icon-114.png"; sourceTree = "<group>"; };
		5087E77617EB970100C73F5D /* Icon-120.png */ = {isa = PBXFileReference; lastKnownFileType = image.png; path = "Icon-120.png"; sourceTree = "<group>"; };
		5087E77717EB970100C73F5D /* Icon-144.png */ = {isa = PBXFileReference; lastKnownFileType = image.png; path = "Icon-144.png"; sourceTree = "<group>"; };
		5087E77817EB970100C73F5D /* Icon-152.png */ = {isa = PBXFileReference; lastKnownFileType = image.png; path = "Icon-152.png"; sourceTree = "<group>"; };
		5087E77917EB970100C73F5D /* Icon-57.png */ = {isa = PBXFileReference; lastKnownFileType = image.png; path = "Icon-57.png"; sourceTree = "<group>"; };
		5087E77A17EB970100C73F5D /* Icon-72.png */ = {isa = PBXFileReference; lastKnownFileType = image.png; path = "Icon-72.png"; sourceTree = "<group>"; };
		5087E77B17EB970100C73F5D /* Icon-76.png */ = {isa = PBXFileReference; lastKnownFileType = image.png; path = "Icon-76.png"; sourceTree = "<group>"; };
		5087E77C17EB970100C73F5D /* Info.plist */ = {isa = PBXFileReference; fileEncoding = 4; lastKnownFileType = text.plist.xml; path = Info.plist; sourceTree = "<group>"; };
		5087E78817EB974C00C73F5D /* AppKit.framework */ = {isa = PBXFileReference; lastKnownFileType = wrapper.framework; name = AppKit.framework; path = System/Library/Frameworks/AppKit.framework; sourceTree = SDKROOT; };
		5087E78A17EB975400C73F5D /* OpenGL.framework */ = {isa = PBXFileReference; lastKnownFileType = wrapper.framework; name = OpenGL.framework; path = System/Library/Frameworks/OpenGL.framework; sourceTree = SDKROOT; };
		50EF629217ECD46A001EB2F8 /* Icon-40.png */ = {isa = PBXFileReference; lastKnownFileType = image.png; path = "Icon-40.png"; sourceTree = "<group>"; };
		50EF629317ECD46A001EB2F8 /* Icon-58.png */ = {isa = PBXFileReference; lastKnownFileType = image.png; path = "Icon-58.png"; sourceTree = "<group>"; };
		50EF629417ECD46A001EB2F8 /* Icon-80.png */ = {isa = PBXFileReference; lastKnownFileType = image.png; path = "Icon-80.png"; sourceTree = "<group>"; };
		50EF629517ECD46A001EB2F8 /* Icon-100.png */ = {isa = PBXFileReference; lastKnownFileType = image.png; path = "Icon-100.png"; sourceTree = "<group>"; };
		50EF62A017ECD613001EB2F8 /* Icon-29.png */ = {isa = PBXFileReference; lastKnownFileType = image.png; path = "Icon-29.png"; sourceTree = "<group>"; };
		50EF62A117ECD613001EB2F8 /* Icon-50.png */ = {isa = PBXFileReference; lastKnownFileType = image.png; path = "Icon-50.png"; sourceTree = "<group>"; };
		521A8E6219F0C34300D177D7 /* Default-667h@2x.png */ = {isa = PBXFileReference; lastKnownFileType = image.png; path = "Default-667h@2x.png"; sourceTree = "<group>"; };
		521A8E6319F0C34300D177D7 /* Default-736h@3x.png */ = {isa = PBXFileReference; lastKnownFileType = image.png; path = "Default-736h@3x.png"; sourceTree = "<group>"; };
		521A8EA819F11F5000D177D7 /* fonts */ = {isa = PBXFileReference; lastKnownFileType = folder; path = fonts; sourceTree = "<group>"; };
		B90C4D5C1A80895800F9D88A /* BearAnimation */ = {isa = PBXFileReference; lastKnownFileType = folder; path = BearAnimation; sourceTree = "<group>"; };
		B90D94FA1AC77DFF005E8020 /* bread.cpp */ = {isa = PBXFileReference; fileEncoding = 4; lastKnownFileType = sourcecode.cpp.cpp; path = bread.cpp; sourceTree = "<group>"; };
		B90D94FB1AC77DFF005E8020 /* bread.h */ = {isa = PBXFileReference; fileEncoding = 4; lastKnownFileType = sourcecode.c.h; path = bread.h; sourceTree = "<group>"; };
		B90D94FD1AC797D1005E8020 /* health.png */ = {isa = PBXFileReference; lastKnownFileType = image.png; path = health.png; sourceTree = "<group>"; };
		B924E6B21AA9873D008D38EB /* Buttons */ = {isa = PBXFileReference; lastKnownFileType = folder; path = Buttons; sourceTree = "<group>"; };
		B934FD7D1A916170004AE287 /* Character.cpp */ = {isa = PBXFileReference; fileEncoding = 4; lastKnownFileType = sourcecode.cpp.cpp; path = Character.cpp; sourceTree = "<group>"; };
		B934FD7E1A916170004AE287 /* Character.h */ = {isa = PBXFileReference; fileEncoding = 4; lastKnownFileType = sourcecode.c.h; path = Character.h; sourceTree = "<group>"; };
		B93F95411A7F3FF700F21148 /* SneakyJoystick.cpp */ = {isa = PBXFileReference; fileEncoding = 4; lastKnownFileType = sourcecode.cpp.cpp; name = SneakyJoystick.cpp; path = Joystick/SneakyJoystick.cpp; sourceTree = "<group>"; };
		B93F95421A7F3FF700F21148 /* SneakyJoystick.h */ = {isa = PBXFileReference; fileEncoding = 4; lastKnownFileType = sourcecode.c.h; name = SneakyJoystick.h; path = Joystick/SneakyJoystick.h; sourceTree = "<group>"; };
		B93F95431A7F3FF700F21148 /* SneakyJoystickSkinnedBase.cpp */ = {isa = PBXFileReference; fileEncoding = 4; lastKnownFileType = sourcecode.cpp.cpp; name = SneakyJoystickSkinnedBase.cpp; path = Joystick/SneakyJoystickSkinnedBase.cpp; sourceTree = "<group>"; };
		B93F95441A7F3FF700F21148 /* SneakyJoystickSkinnedBase.h */ = {isa = PBXFileReference; fileEncoding = 4; lastKnownFileType = sourcecode.c.h; name = SneakyJoystickSkinnedBase.h; path = Joystick/SneakyJoystickSkinnedBase.h; sourceTree = "<group>"; };
		B94433F31A999D78001CC802 /* Virtual Joystick */ = {isa = PBXFileReference; lastKnownFileType = folder; path = "Virtual Joystick"; sourceTree = "<group>"; };
		B94433F61A999EDF001CC802 /* Background.png */ = {isa = PBXFileReference; lastKnownFileType = image.png; name = Background.png; path = Background/Background.png; sourceTree = "<group>"; };
		B94433F71A999EDF001CC802 /* Ball.png */ = {isa = PBXFileReference; lastKnownFileType = image.png; name = Ball.png; path = Background/Ball.png; sourceTree = "<group>"; };
		B94433F81A999EDF001CC802 /* MainMenuScene.png */ = {isa = PBXFileReference; lastKnownFileType = image.png; name = MainMenuScene.png; path = Background/MainMenuScene.png; sourceTree = "<group>"; };
		B94433F91A999EDF001CC802 /* Menu Button Clicked.png */ = {isa = PBXFileReference; lastKnownFileType = image.png; name = "Menu Button Clicked.png"; path = "Background/Menu Button Clicked.png"; sourceTree = "<group>"; };
		B94433FA1A999EDF001CC802 /* Menu Button.png */ = {isa = PBXFileReference; lastKnownFileType = image.png; name = "Menu Button.png"; path = "Background/Menu Button.png"; sourceTree = "<group>"; };
		B94433FB1A999EDF001CC802 /* Pipe.png */ = {isa = PBXFileReference; lastKnownFileType = image.png; name = Pipe.png; path = Background/Pipe.png; sourceTree = "<group>"; };
		B94433FC1A999EDF001CC802 /* Play Button Clicked.png */ = {isa = PBXFileReference; lastKnownFileType = image.png; name = "Play Button Clicked.png"; path = "Background/Play Button Clicked.png"; sourceTree = "<group>"; };
		B94433FD1A999EDF001CC802 /* Play Button.png */ = {isa = PBXFileReference; lastKnownFileType = image.png; name = "Play Button.png"; path = "Background/Play Button.png"; sourceTree = "<group>"; };
		B94433FE1A999EDF001CC802 /* Retry Button Clicked.png */ = {isa = PBXFileReference; lastKnownFileType = image.png; name = "Retry Button Clicked.png"; path = "Background/Retry Button Clicked.png"; sourceTree = "<group>"; };
		B94433FF1A999EDF001CC802 /* Retry Button.png */ = {isa = PBXFileReference; lastKnownFileType = image.png; name = "Retry Button.png"; path = "Background/Retry Button.png"; sourceTree = "<group>"; };
		B94434001A999EDF001CC802 /* SplashScene_ipad.png */ = {isa = PBXFileReference; lastKnownFileType = image.png; name = SplashScene_ipad.png; path = Background/SplashScene_ipad.png; sourceTree = "<group>"; };
		B94434011A999EDF001CC802 /* SplashScene.png */ = {isa = PBXFileReference; lastKnownFileType = image.png; name = SplashScene.png; path = Background/SplashScene.png; sourceTree = "<group>"; };
		B94434021A999EDF001CC802 /* Title.png */ = {isa = PBXFileReference; lastKnownFileType = image.png; name = Title.png; path = Background/Title.png; sourceTree = "<group>"; };
		B94A286E1AAB916700E67907 /* monster.cpp */ = {isa = PBXFileReference; fileEncoding = 4; lastKnownFileType = sourcecode.cpp.cpp; path = monster.cpp; sourceTree = "<group>"; };
		B94A286F1AAB916700E67907 /* monster.h */ = {isa = PBXFileReference; fileEncoding = 4; lastKnownFileType = sourcecode.c.h; path = monster.h; sourceTree = "<group>"; };
		B94A28721AAB91B600E67907 /* MonsterAnimation */ = {isa = PBXFileReference; lastKnownFileType = folder; path = MonsterAnimation; sourceTree = "<group>"; };
		B94A28781AAB9B4600E67907 /* bbg_fall_grassland.jpg */ = {isa = PBXFileReference; lastKnownFileType = image.jpeg; path = bbg_fall_grassland.jpg; sourceTree = "<group>"; };
		B94CEBBF1AE46D550054D735 /* 19.png */ = {isa = PBXFileReference; lastKnownFileType = image.png; path = 19.png; sourceTree = "<group>"; };
		B953A8501A7C9C6C00C85339 /* Hit.mp3 */ = {isa = PBXFileReference; lastKnownFileType = audio.mp3; path = Hit.mp3; sourceTree = "<group>"; };
		B953A8511A7C9C6C00C85339 /* Point.mp3 */ = {isa = PBXFileReference; lastKnownFileType = audio.mp3; path = Point.mp3; sourceTree = "<group>"; };
		B953A8521A7C9C6C00C85339 /* Wing.mp3 */ = {isa = PBXFileReference; lastKnownFileType = audio.mp3; path = Wing.mp3; sourceTree = "<group>"; };
		B953A89F1A7C9DC800C85339 /* SplashScene.cpp */ = {isa = PBXFileReference; fileEncoding = 4; lastKnownFileType = sourcecode.cpp.cpp; path = SplashScene.cpp; sourceTree = "<group>"; };
		B953A8A01A7C9DC800C85339 /* SplashScene.h */ = {isa = PBXFileReference; fileEncoding = 4; lastKnownFileType = sourcecode.c.h; path = SplashScene.h; sourceTree = "<group>"; };
		B953A8A31A7CA01D00C85339 /* GameOverScene.cpp */ = {isa = PBXFileReference; fileEncoding = 4; lastKnownFileType = sourcecode.cpp.cpp; path = GameOverScene.cpp; sourceTree = "<group>"; };
		B953A8A41A7CA01D00C85339 /* GameOverScene.h */ = {isa = PBXFileReference; fileEncoding = 4; lastKnownFileType = sourcecode.c.h; path = GameOverScene.h; sourceTree = "<group>"; };
		B953A8A51A7CA01D00C85339 /* GameScene.cpp */ = {isa = PBXFileReference; fileEncoding = 4; lastKnownFileType = sourcecode.cpp.cpp; path = GameScene.cpp; sourceTree = "<group>"; };
		B953A8A61A7CA01D00C85339 /* GameScene.h */ = {isa = PBXFileReference; fileEncoding = 4; lastKnownFileType = sourcecode.c.h; path = GameScene.h; sourceTree = "<group>"; };
		B953A8A71A7CA01D00C85339 /* MainMenuScene.cpp */ = {isa = PBXFileReference; fileEncoding = 4; lastKnownFileType = sourcecode.cpp.cpp; path = MainMenuScene.cpp; sourceTree = "<group>"; };
		B953A8A81A7CA01D00C85339 /* MainMenuScene.h */ = {isa = PBXFileReference; fileEncoding = 4; lastKnownFileType = sourcecode.c.h; path = MainMenuScene.h; sourceTree = "<group>"; };
		B953A8B01A7CA2BD00C85339 /* Definitions.h */ = {isa = PBXFileReference; fileEncoding = 4; lastKnownFileType = sourcecode.c.h; path = Definitions.h; sourceTree = "<group>"; };
		B968ED381ADC349C00E957B8 /* Boss.cpp */ = {isa = PBXFileReference; fileEncoding = 4; lastKnownFileType = sourcecode.cpp.cpp; path = Boss.cpp; sourceTree = "<group>"; };
		B968ED391ADC349C00E957B8 /* Boss.h */ = {isa = PBXFileReference; fileEncoding = 4; lastKnownFileType = sourcecode.c.h; path = Boss.h; sourceTree = "<group>"; };
		B99737581AEA1D97007FFE2F /* arrow.png */ = {isa = PBXFileReference; lastKnownFileType = image.png; name = arrow.png; path = MonsterAnimation2/arrow.png; sourceTree = "<group>"; };
		B99FA24F1AE0821200E52705 /* bullet.png */ = {isa = PBXFileReference; lastKnownFileType = image.png; path = bullet.png; sourceTree = "<group>"; };
		B9A7EE851AAD6D87001196AD /* fireball.png */ = {isa = PBXFileReference; lastKnownFileType = image.png; path = fireball.png; sourceTree = "<group>"; };
		B9B583971AA3C99B00C82040 /* bomb.png */ = {isa = PBXFileReference; lastKnownFileType = image.png; path = bomb.png; sourceTree = "<group>"; };
		B9B583991AA3D26200C82040 /* numbers */ = {isa = PBXFileReference; lastKnownFileType = folder; path = numbers; sourceTree = "<group>"; };
		B9B5839C1AA3DE2900C82040 /* bear1.png */ = {isa = PBXFileReference; lastKnownFileType = image.png; path = bear1.png; sourceTree = "<group>"; };
		B9D3EFE11A9E535E00DEB208 /* Item.cpp */ = {isa = PBXFileReference; fileEncoding = 4; lastKnownFileType = sourcecode.cpp.cpp; path = Item.cpp; sourceTree = "<group>"; };
		B9D3EFE21A9E535E00DEB208 /* Item.h */ = {isa = PBXFileReference; fileEncoding = 4; lastKnownFileType = sourcecode.c.h; path = Item.h; sourceTree = "<group>"; };
		B9DC41811AE0AC640015BDEA /* boss_plist */ = {isa = PBXFileReference; lastKnownFileType = folder; path = boss_plist; sourceTree = "<group>"; };
		B9E53B811AA7DF6C004684AC /* explode */ = {isa = PBXFileReference; lastKnownFileType = folder; path = explode; sourceTree = "<group>"; };
		B9E5D5721AE479E600FB2DF5 /* Level1.png */ = {isa = PBXFileReference; lastKnownFileType = image.png; path = Level1.png; sourceTree = "<group>"; };
		B9E5D5731AE479E600FB2DF5 /* Level2.png */ = {isa = PBXFileReference; lastKnownFileType = image.png; path = Level2.png; sourceTree = "<group>"; };
		B9E5D5741AE479E600FB2DF5 /* MonsterAnimation2 */ = {isa = PBXFileReference; lastKnownFileType = folder; path = MonsterAnimation2; sourceTree = "<group>"; };
		B9E5D5751AE479E600FB2DF5 /* TransBackground.jpg */ = {isa = PBXFileReference; lastKnownFileType = image.jpeg; path = TransBackground.jpg; sourceTree = "<group>"; };
		B9E5D5801AE4822B00FB2DF5 /* monster2.cpp */ = {isa = PBXFileReference; fileEncoding = 4; lastKnownFileType = sourcecode.cpp.cpp; path = monster2.cpp; sourceTree = "<group>"; };
		B9E5D5811AE4822B00FB2DF5 /* monster2.h */ = {isa = PBXFileReference; fileEncoding = 4; lastKnownFileType = sourcecode.c.h; path = monster2.h; sourceTree = "<group>"; };
		B9E5D5821AE4822B00FB2DF5 /* TransScene.cpp */ = {isa = PBXFileReference; fileEncoding = 4; lastKnownFileType = sourcecode.cpp.cpp; path = TransScene.cpp; sourceTree = "<group>"; };
		B9E5D5831AE4822B00FB2DF5 /* TransScene.h */ = {isa = PBXFileReference; fileEncoding = 4; lastKnownFileType = sourcecode.c.h; path = TransScene.h; sourceTree = "<group>"; };
		B9E5D5861AE4840700FB2DF5 /* GameScene2.cpp */ = {isa = PBXFileReference; fileEncoding = 4; lastKnownFileType = sourcecode.cpp.cpp; path = GameScene2.cpp; sourceTree = "<group>"; };
		B9E5D5871AE4840700FB2DF5 /* GameScene2.h */ = {isa = PBXFileReference; fileEncoding = 4; lastKnownFileType = sourcecode.c.h; path = GameScene2.h; sourceTree = "<group>"; };
		B9E5D58D1AE48E2000FB2DF5 /* GameScene3.cpp */ = {isa = PBXFileReference; fileEncoding = 4; lastKnownFileType = sourcecode.cpp.cpp; path = GameScene3.cpp; sourceTree = "<group>"; };
		B9E5D58E1AE48E2000FB2DF5 /* GameScene3.h */ = {isa = PBXFileReference; fileEncoding = 4; lastKnownFileType = sourcecode.c.h; path = GameScene3.h; sourceTree = "<group>"; };
		B9E5D5901AE4916B00FB2DF5 /* TranScene2.cpp */ = {isa = PBXFileReference; fileEncoding = 4; lastKnownFileType = sourcecode.cpp.cpp; path = TranScene2.cpp; sourceTree = "<group>"; };
		B9E5D5911AE4916B00FB2DF5 /* TranScene2.h */ = {isa = PBXFileReference; fileEncoding = 4; lastKnownFileType = sourcecode.c.h; path = TranScene2.h; sourceTree = "<group>"; };
		B9E5D5951AE497F500FB2DF5 /* background.mp3 */ = {isa = PBXFileReference; lastKnownFileType = audio.mp3; path = background.mp3; sourceTree = "<group>"; };
		B9F980A91AA803A000FF2CA4 /* empty.png */ = {isa = PBXFileReference; lastKnownFileType = image.png; path = empty.png; sourceTree = "<group>"; };
		B9F980AD1AA9217E00FF2CA4 /* character */ = {isa = PBXFileReference; lastKnownFileType = folder; path = character; sourceTree = "<group>"; };
		B9F980B01AA921AA00FF2CA4 /* ProgressView.cpp */ = {isa = PBXFileReference; fileEncoding = 4; lastKnownFileType = sourcecode.cpp.cpp; path = ProgressView.cpp; sourceTree = "<group>"; };
		B9F980B11AA921AA00FF2CA4 /* ProgressView.h */ = {isa = PBXFileReference; fileEncoding = 4; lastKnownFileType = sourcecode.c.h; path = ProgressView.h; sourceTree = "<group>"; };
		B9F980B41AA9221D00FF2CA4 /* kuang.png */ = {isa = PBXFileReference; lastKnownFileType = image.png; path = kuang.png; sourceTree = "<group>"; };
		B9F980B51AA9221D00FF2CA4 /* touxiang.png */ = {isa = PBXFileReference; lastKnownFileType = image.png; path = touxiang.png; sourceTree = "<group>"; };
		B9F980B61AA9221D00FF2CA4 /* xue_back.png */ = {isa = PBXFileReference; lastKnownFileType = image.png; path = xue_back.png; sourceTree = "<group>"; };
		B9F980B71AA9221D00FF2CA4 /* xue_fore.png */ = {isa = PBXFileReference; lastKnownFileType = image.png; path = xue_fore.png; sourceTree = "<group>"; };
		B9F980C01AA9224D00FF2CA4 /* character.png */ = {isa = PBXFileReference; lastKnownFileType = image.png; path = character.png; sourceTree = "<group>"; };
		BF170DB012928DE900B8313A /* OpenGLES.framework */ = {isa = PBXFileReference; lastKnownFileType = wrapper.framework; name = OpenGLES.framework; path = System/Library/Frameworks/OpenGLES.framework; sourceTree = SDKROOT; };
		BF170DB412928DE900B8313A /* libz.dylib */ = {isa = PBXFileReference; lastKnownFileType = "compiled.mach-o.dylib"; name = libz.dylib; path = usr/lib/libz.dylib; sourceTree = SDKROOT; };
		BF1C47EA1293683800B63C5D /* QuartzCore.framework */ = {isa = PBXFileReference; lastKnownFileType = wrapper.framework; name = QuartzCore.framework; path = System/Library/Frameworks/QuartzCore.framework; sourceTree = SDKROOT; };
		D44C620B132DFF330009C878 /* OpenAL.framework */ = {isa = PBXFileReference; lastKnownFileType = wrapper.framework; name = OpenAL.framework; path = System/Library/Frameworks/OpenAL.framework; sourceTree = SDKROOT; };
		D44C620D132DFF430009C878 /* AVFoundation.framework */ = {isa = PBXFileReference; lastKnownFileType = wrapper.framework; name = AVFoundation.framework; path = System/Library/Frameworks/AVFoundation.framework; sourceTree = SDKROOT; };
		D44C620F132DFF4E0009C878 /* AudioToolbox.framework */ = {isa = PBXFileReference; lastKnownFileType = wrapper.framework; name = AudioToolbox.framework; path = System/Library/Frameworks/AudioToolbox.framework; sourceTree = SDKROOT; };
		D6B0611A1803AB670077942B /* CoreMotion.framework */ = {isa = PBXFileReference; lastKnownFileType = wrapper.framework; name = CoreMotion.framework; path = Platforms/iPhoneOS.platform/Developer/SDKs/iPhoneOS7.0.sdk/System/Library/Frameworks/CoreMotion.framework; sourceTree = DEVELOPER_DIR; };
/* End PBXFileReference section */

/* Begin PBXFrameworksBuildPhase section */
		1D60588F0D05DD3D006BFB54 /* Frameworks */ = {
			isa = PBXFrameworksBuildPhase;
			buildActionMask = 2147483647;
			files = (
				1AC6FB30180E99EB004C840B /* libcocos2d iOS.a in Frameworks */,
				D6B0611B1803AB670077942B /* CoreMotion.framework in Frameworks */,
				1D60589F0D05DD5A006BFB54 /* Foundation.framework in Frameworks */,
				1DF5F4E00D08C38300B7A737 /* UIKit.framework in Frameworks */,
				288765A50DF7441C002DB57D /* CoreGraphics.framework in Frameworks */,
				BF171245129291EC00B8313A /* OpenGLES.framework in Frameworks */,
				BF1712471292920000B8313A /* libz.dylib in Frameworks */,
				BF1C47F01293687400B63C5D /* QuartzCore.framework in Frameworks */,
				D44C620C132DFF330009C878 /* OpenAL.framework in Frameworks */,
				D44C620E132DFF430009C878 /* AVFoundation.framework in Frameworks */,
				D44C6210132DFF4E0009C878 /* AudioToolbox.framework in Frameworks */,
			);
			runOnlyForDeploymentPostprocessing = 0;
		};
		5087E75C17EB910900C73F5D /* Frameworks */ = {
			isa = PBXFrameworksBuildPhase;
			buildActionMask = 2147483647;
			files = (
				1AC6FB21180E996B004C840B /* libcocos2d Mac.a in Frameworks */,
				503AE11217EB99EE00D1A890 /* libcurl.dylib in Frameworks */,
				5087E76717EB910900C73F5D /* libz.dylib in Frameworks */,
				503AE11B17EB9C5A00D1A890 /* IOKit.framework in Frameworks */,
				5087E78B17EB975400C73F5D /* OpenGL.framework in Frameworks */,
				5087E78917EB974C00C73F5D /* AppKit.framework in Frameworks */,
				5087E76317EB910900C73F5D /* Foundation.framework in Frameworks */,
				5087E76817EB910900C73F5D /* QuartzCore.framework in Frameworks */,
				5087E76917EB910900C73F5D /* OpenAL.framework in Frameworks */,
				5087E76A17EB910900C73F5D /* AVFoundation.framework in Frameworks */,
				5087E76B17EB910900C73F5D /* AudioToolbox.framework in Frameworks */,
			);
			runOnlyForDeploymentPostprocessing = 0;
		};
/* End PBXFrameworksBuildPhase section */

/* Begin PBXGroup section */
		080E96DDFE201D6D7F000001 /* ios */ = {
			isa = PBXGroup;
			children = (
				5087E77117EB970100C73F5D /* Icons */,
				503AE0FA17EB989F00D1A890 /* AppController.h */,
				503AE0FB17EB989F00D1A890 /* AppController.mm */,
				503AE0FC17EB989F00D1A890 /* main.m */,
				503AE0FD17EB989F00D1A890 /* Prefix.pch */,
				503AE0FE17EB989F00D1A890 /* RootViewController.h */,
				503AE0FF17EB989F00D1A890 /* RootViewController.mm */,
			);
			name = ios;
			path = Classes;
			sourceTree = "<group>";
		};
		19C28FACFE9D520D11CA2CBB /* Products */ = {
			isa = PBXGroup;
			children = (
				1D6058910D05DD3D006BFB54 /* schoolKeeper iOS.app */,
				5087E76F17EB910900C73F5D /* schoolKeeper Mac.app */,
			);
			name = Products;
			sourceTree = "<group>";
		};
		1AC6FAE6180E9839004C840B /* Products */ = {
			isa = PBXGroup;
			children = (
				1AC6FAF9180E9839004C840B /* libcocos2d Mac.a */,
				1AC6FB07180E9839004C840B /* libcocos2d iOS.a */,
			);
			name = Products;
			sourceTree = "<group>";
		};
		29B97314FDCFA39411CA2CEA /* CustomTemplate */ = {
			isa = PBXGroup;
			children = (
				46880B8319C43A87006E1F66 /* Classes */,
				46880B7519C43A67006E1F66 /* Resources */,
				1AC6FAE5180E9839004C840B /* cocos2d_libs.xcodeproj */,
				29B97323FDCFA39411CA2CEA /* Frameworks */,
				080E96DDFE201D6D7F000001 /* ios */,
				503AE10617EB990700D1A890 /* mac */,
				19C28FACFE9D520D11CA2CBB /* Products */,
			);
			name = CustomTemplate;
			sourceTree = "<group>";
		};
		29B97323FDCFA39411CA2CEA /* Frameworks */ = {
			isa = PBXGroup;
			children = (
				D6B0611A1803AB670077942B /* CoreMotion.framework */,
				503AE11A17EB9C5A00D1A890 /* IOKit.framework */,
				503AE11117EB99EE00D1A890 /* libcurl.dylib */,
				5087E78A17EB975400C73F5D /* OpenGL.framework */,
				5087E78817EB974C00C73F5D /* AppKit.framework */,
				1ACB3243164770DE00914215 /* libcurl.a */,
				BF170DB412928DE900B8313A /* libz.dylib */,
				D44C620F132DFF4E0009C878 /* AudioToolbox.framework */,
				D44C620D132DFF430009C878 /* AVFoundation.framework */,
				288765A40DF7441C002DB57D /* CoreGraphics.framework */,
				1D30AB110D05D00D00671497 /* Foundation.framework */,
				D44C620B132DFF330009C878 /* OpenAL.framework */,
				BF170DB012928DE900B8313A /* OpenGLES.framework */,
				BF1C47EA1293683800B63C5D /* QuartzCore.framework */,
				1DF5F4DF0D08C38300B7A737 /* UIKit.framework */,
			);
			name = Frameworks;
			sourceTree = "<group>";
		};
		46880B7519C43A67006E1F66 /* Resources */ = {
			isa = PBXGroup;
			children = (
				B9E5D5951AE497F500FB2DF5 /* background.mp3 */,
				B9E5D5721AE479E600FB2DF5 /* Level1.png */,
				B99737581AEA1D97007FFE2F /* arrow.png */,
				B9E5D5731AE479E600FB2DF5 /* Level2.png */,
				B9E5D5741AE479E600FB2DF5 /* MonsterAnimation2 */,
				B9E5D5751AE479E600FB2DF5 /* TransBackground.jpg */,
				B94CEBBF1AE46D550054D735 /* 19.png */,
				B9DC41811AE0AC640015BDEA /* boss_plist */,
				B90D94FD1AC797D1005E8020 /* health.png */,
				B99FA24F1AE0821200E52705 /* bullet.png */,
				B9A7EE851AAD6D87001196AD /* fireball.png */,
				B94A28781AAB9B4600E67907 /* bbg_fall_grassland.jpg */,
				B94A28721AAB91B600E67907 /* MonsterAnimation */,
				B924E6B21AA9873D008D38EB /* Buttons */,
				B9F980C01AA9224D00FF2CA4 /* character.png */,
				B9F980B41AA9221D00FF2CA4 /* kuang.png */,
				B9F980B51AA9221D00FF2CA4 /* touxiang.png */,
				B9F980B61AA9221D00FF2CA4 /* xue_back.png */,
				B9F980B71AA9221D00FF2CA4 /* xue_fore.png */,
				B9F980AD1AA9217E00FF2CA4 /* character */,
				B9F980A91AA803A000FF2CA4 /* empty.png */,
				B9E53B811AA7DF6C004684AC /* explode */,
				B9B5839C1AA3DE2900C82040 /* bear1.png */,
				B9B583991AA3D26200C82040 /* numbers */,
				B9B583971AA3C99B00C82040 /* bomb.png */,
				B94433F51A999EC2001CC802 /* Background */,
				B94433F31A999D78001CC802 /* Virtual Joystick */,
				B90C4D5C1A80895800F9D88A /* BearAnimation */,
				B953A84F1A7C9C6C00C85339 /* Sounds */,
				521A8EA819F11F5000D177D7 /* fonts */,
				3EACC98E19EE6D4300EB3C5E /* res */,
			);
			name = Resources;
			path = ../Resources;
			sourceTree = "<group>";
		};
		46880B8319C43A87006E1F66 /* Classes */ = {
			isa = PBXGroup;
			children = (
				B9E5D58D1AE48E2000FB2DF5 /* GameScene3.cpp */,
				B9E5D58E1AE48E2000FB2DF5 /* GameScene3.h */,
				B9E5D5861AE4840700FB2DF5 /* GameScene2.cpp */,
				B9E5D5871AE4840700FB2DF5 /* GameScene2.h */,
				B9E5D5801AE4822B00FB2DF5 /* monster2.cpp */,
				B9E5D5811AE4822B00FB2DF5 /* monster2.h */,
				B9E5D5821AE4822B00FB2DF5 /* TransScene.cpp */,
				B9E5D5831AE4822B00FB2DF5 /* TransScene.h */,
				B968ED381ADC349C00E957B8 /* Boss.cpp */,
				B968ED391ADC349C00E957B8 /* Boss.h */,
				B90D94FA1AC77DFF005E8020 /* bread.cpp */,
				B90D94FB1AC77DFF005E8020 /* bread.h */,
				B94A286E1AAB916700E67907 /* monster.cpp */,
				B94A286F1AAB916700E67907 /* monster.h */,
				B9F980B01AA921AA00FF2CA4 /* ProgressView.cpp */,
				B9F980B11AA921AA00FF2CA4 /* ProgressView.h */,
				B9D3EFE11A9E535E00DEB208 /* Item.cpp */,
				B9D3EFE21A9E535E00DEB208 /* Item.h */,
				B934FD7D1A916170004AE287 /* Character.cpp */,
				B934FD7E1A916170004AE287 /* Character.h */,
				B93F95411A7F3FF700F21148 /* SneakyJoystick.cpp */,
				B93F95421A7F3FF700F21148 /* SneakyJoystick.h */,
				B93F95431A7F3FF700F21148 /* SneakyJoystickSkinnedBase.cpp */,
				B93F95441A7F3FF700F21148 /* SneakyJoystickSkinnedBase.h */,
				B953A8B01A7CA2BD00C85339 /* Definitions.h */,
				B953A8A31A7CA01D00C85339 /* GameOverScene.cpp */,
				B953A8A41A7CA01D00C85339 /* GameOverScene.h */,
				B953A8A51A7CA01D00C85339 /* GameScene.cpp */,
				B953A8A61A7CA01D00C85339 /* GameScene.h */,
				B953A8A71A7CA01D00C85339 /* MainMenuScene.cpp */,
				B953A8A81A7CA01D00C85339 /* MainMenuScene.h */,
				B953A89F1A7C9DC800C85339 /* SplashScene.cpp */,
				B953A8A01A7C9DC800C85339 /* SplashScene.h */,
				46880B8419C43A87006E1F66 /* AppDelegate.cpp */,
				46880B8519C43A87006E1F66 /* AppDelegate.h */,
				B9E5D5901AE4916B00FB2DF5 /* TranScene2.cpp */,
				B9E5D5911AE4916B00FB2DF5 /* TranScene2.h */,
			);
			name = Classes;
			path = ../Classes;
			sourceTree = "<group>";
		};
		503AE0F517EB97AB00D1A890 /* Icons */ = {
			isa = PBXGroup;
			children = (
				503AE0F617EB97AB00D1A890 /* Icon.icns */,
				503AE0F717EB97AB00D1A890 /* Info.plist */,
			);
			name = Icons;
			path = mac;
			sourceTree = SOURCE_ROOT;
		};
		503AE10617EB990700D1A890 /* mac */ = {
			isa = PBXGroup;
			children = (
				503AE0F517EB97AB00D1A890 /* Icons */,
				503AE10317EB98FF00D1A890 /* main.cpp */,
				503AE10417EB98FF00D1A890 /* Prefix.pch */,
			);
			name = mac;
			sourceTree = "<group>";
		};
		5087E77117EB970100C73F5D /* Icons */ = {
			isa = PBXGroup;
			children = (
				521A8E6219F0C34300D177D7 /* Default-667h@2x.png */,
				521A8E6319F0C34300D177D7 /* Default-736h@3x.png */,
				5087E77217EB970100C73F5D /* Default-568h@2x.png */,
				5087E77317EB970100C73F5D /* Default.png */,
				5087E77417EB970100C73F5D /* Default@2x.png */,
				50EF62A017ECD613001EB2F8 /* Icon-29.png */,
				50EF62A117ECD613001EB2F8 /* Icon-50.png */,
				50EF629217ECD46A001EB2F8 /* Icon-40.png */,
				50EF629317ECD46A001EB2F8 /* Icon-58.png */,
				50EF629417ECD46A001EB2F8 /* Icon-80.png */,
				50EF629517ECD46A001EB2F8 /* Icon-100.png */,
				5087E77517EB970100C73F5D /* Icon-114.png */,
				5087E77617EB970100C73F5D /* Icon-120.png */,
				5087E77717EB970100C73F5D /* Icon-144.png */,
				5087E77817EB970100C73F5D /* Icon-152.png */,
				5087E77917EB970100C73F5D /* Icon-57.png */,
				5087E77A17EB970100C73F5D /* Icon-72.png */,
				5087E77B17EB970100C73F5D /* Icon-76.png */,
				5087E77C17EB970100C73F5D /* Info.plist */,
			);
			name = Icons;
			path = ios;
			sourceTree = SOURCE_ROOT;
		};
		B94433F51A999EC2001CC802 /* Background */ = {
			isa = PBXGroup;
			children = (
				B94433F61A999EDF001CC802 /* Background.png */,
				B94433F71A999EDF001CC802 /* Ball.png */,
				B94433F81A999EDF001CC802 /* MainMenuScene.png */,
				B94433F91A999EDF001CC802 /* Menu Button Clicked.png */,
				B94433FA1A999EDF001CC802 /* Menu Button.png */,
				B94433FB1A999EDF001CC802 /* Pipe.png */,
				B94433FC1A999EDF001CC802 /* Play Button Clicked.png */,
				B94433FD1A999EDF001CC802 /* Play Button.png */,
				B94433FE1A999EDF001CC802 /* Retry Button Clicked.png */,
				B94433FF1A999EDF001CC802 /* Retry Button.png */,
				B94434001A999EDF001CC802 /* SplashScene_ipad.png */,
				B94434011A999EDF001CC802 /* SplashScene.png */,
				B94434021A999EDF001CC802 /* Title.png */,
			);
			name = Background;
			sourceTree = "<group>";
		};
		B953A84F1A7C9C6C00C85339 /* Sounds */ = {
			isa = PBXGroup;
			children = (
				B953A8501A7C9C6C00C85339 /* Hit.mp3 */,
				B953A8511A7C9C6C00C85339 /* Point.mp3 */,
				B953A8521A7C9C6C00C85339 /* Wing.mp3 */,
			);
			path = Sounds;
			sourceTree = "<group>";
		};
/* End PBXGroup section */

/* Begin PBXNativeTarget section */
		1D6058900D05DD3D006BFB54 /* schoolKeeper iOS */ = {
			isa = PBXNativeTarget;
			buildConfigurationList = 1D6058960D05DD3E006BFB54 /* Build configuration list for PBXNativeTarget "schoolKeeper iOS" */;
			buildPhases = (
				1D60588D0D05DD3D006BFB54 /* Resources */,
				1D60588E0D05DD3D006BFB54 /* Sources */,
				1D60588F0D05DD3D006BFB54 /* Frameworks */,
			);
			buildRules = (
			);
			dependencies = (
				1AC6FB25180E99E1004C840B /* PBXTargetDependency */,
			);
			name = "schoolKeeper iOS";
			productName = iphone;
			productReference = 1D6058910D05DD3D006BFB54 /* schoolKeeper iOS.app */;
			productType = "com.apple.product-type.application";
		};
		5087E73D17EB910900C73F5D /* schoolKeeper Mac */ = {
			isa = PBXNativeTarget;
			buildConfigurationList = 5087E76C17EB910900C73F5D /* Build configuration list for PBXNativeTarget "schoolKeeper Mac" */;
			buildPhases = (
				5087E74817EB910900C73F5D /* Resources */,
				5087E75617EB910900C73F5D /* Sources */,
				5087E75C17EB910900C73F5D /* Frameworks */,
			);
			buildRules = (
			);
			dependencies = (
				1AC6FB16180E9959004C840B /* PBXTargetDependency */,
			);
			name = "schoolKeeper Mac";
			productName = iphone;
			productReference = 5087E76F17EB910900C73F5D /* schoolKeeper Mac.app */;
			productType = "com.apple.product-type.application";
		};
/* End PBXNativeTarget section */

/* Begin PBXProject section */
		29B97313FDCFA39411CA2CEA /* Project object */ = {
			isa = PBXProject;
			attributes = {
				LastUpgradeCheck = 0610;
				TargetAttributes = {
					1D6058900D05DD3D006BFB54 = {
						DevelopmentTeam = KS9FZQ3KTT;
					};
				};
			};
			buildConfigurationList = C01FCF4E08A954540054247B /* Build configuration list for PBXProject "schoolKeeper" */;
			compatibilityVersion = "Xcode 3.2";
			developmentRegion = English;
			hasScannedForEncodings = 1;
			knownRegions = (
				English,
				Japanese,
				French,
				German,
			);
			mainGroup = 29B97314FDCFA39411CA2CEA /* CustomTemplate */;
			projectDirPath = "";
			projectReferences = (
				{
					ProductGroup = 1AC6FAE6180E9839004C840B /* Products */;
					ProjectRef = 1AC6FAE5180E9839004C840B /* cocos2d_libs.xcodeproj */;
				},
			);
			projectRoot = "";
			targets = (
				1D6058900D05DD3D006BFB54 /* schoolKeeper iOS */,
				5087E73D17EB910900C73F5D /* schoolKeeper Mac */,
			);
		};
/* End PBXProject section */

/* Begin PBXReferenceProxy section */
		1AC6FAF9180E9839004C840B /* libcocos2d Mac.a */ = {
			isa = PBXReferenceProxy;
			fileType = archive.ar;
			path = "libcocos2d Mac.a";
			remoteRef = 1AC6FAF8180E9839004C840B /* PBXContainerItemProxy */;
			sourceTree = BUILT_PRODUCTS_DIR;
		};
		1AC6FB07180E9839004C840B /* libcocos2d iOS.a */ = {
			isa = PBXReferenceProxy;
			fileType = archive.ar;
			path = "libcocos2d iOS.a";
			remoteRef = 1AC6FB06180E9839004C840B /* PBXContainerItemProxy */;
			sourceTree = BUILT_PRODUCTS_DIR;
		};
/* End PBXReferenceProxy section */

/* Begin PBXResourcesBuildPhase section */
		1D60588D0D05DD3D006BFB54 /* Resources */ = {
			isa = PBXResourcesBuildPhase;
			buildActionMask = 2147483647;
			files = (
				B944340B1A999EDF001CC802 /* Retry Button Clicked.png in Resources */,
				B94434041A999EDF001CC802 /* Ball.png in Resources */,
				B9F980AE1AA9217E00FF2CA4 /* character in Resources */,
				5087E78117EB970100C73F5D /* Icon-120.png in Resources */,
				5087E78617EB970100C73F5D /* Icon-76.png in Resources */,
				5087E77F17EB970100C73F5D /* Default@2x.png in Resources */,
				B94A28791AAB9B4600E67907 /* bbg_fall_grassland.jpg in Resources */,
				B9E5D5781AE479E600FB2DF5 /* MonsterAnimation2 in Resources */,
				B953A89B1A7C9C6C00C85339 /* Point.mp3 in Resources */,
				50EF629917ECD46A001EB2F8 /* Icon-100.png in Resources */,
				5087E78317EB970100C73F5D /* Icon-152.png in Resources */,
				B9E5D5761AE479E600FB2DF5 /* Level1.png in Resources */,
				B94434071A999EDF001CC802 /* Menu Button.png in Resources */,
				B94434081A999EDF001CC802 /* Pipe.png in Resources */,
				B9DC41821AE0AC640015BDEA /* boss_plist in Resources */,
				5087E77D17EB970100C73F5D /* Default-568h@2x.png in Resources */,
				B9B5839A1AA3D26200C82040 /* numbers in Resources */,
				B94433F41A999D78001CC802 /* Virtual Joystick in Resources */,
				B9E5D5961AE497F500FB2DF5 /* background.mp3 in Resources */,
				B94434091A999EDF001CC802 /* Play Button Clicked.png in Resources */,
				B944340D1A999EDF001CC802 /* SplashScene_ipad.png in Resources */,
				B94A28731AAB91B600E67907 /* MonsterAnimation in Resources */,
				B9E5D5771AE479E600FB2DF5 /* Level2.png in Resources */,
				B9F980BA1AA9221D00FF2CA4 /* touxiang.png in Resources */,
				5087E78517EB970100C73F5D /* Icon-72.png in Resources */,
				521A8E6519F0C34300D177D7 /* Default-736h@3x.png in Resources */,
				B9F980AA1AA803A000FF2CA4 /* empty.png in Resources */,
				521A8EA919F11F5000D177D7 /* fonts in Resources */,
				B944340E1A999EDF001CC802 /* SplashScene.png in Resources */,
				B944340A1A999EDF001CC802 /* Play Button.png in Resources */,
				B9B5839D1AA3DE2900C82040 /* bear1.png in Resources */,
				B94434051A999EDF001CC802 /* MainMenuScene.png in Resources */,
				50EF62A317ECD613001EB2F8 /* Icon-50.png in Resources */,
				5087E78017EB970100C73F5D /* Icon-114.png in Resources */,
				50EF62A217ECD613001EB2F8 /* Icon-29.png in Resources */,
				B9F980BE1AA9221D00FF2CA4 /* xue_fore.png in Resources */,
				50EF629617ECD46A001EB2F8 /* Icon-40.png in Resources */,
				5087E78217EB970100C73F5D /* Icon-144.png in Resources */,
				B90C4D5D1A80895800F9D88A /* BearAnimation in Resources */,
				B9F980BC1AA9221D00FF2CA4 /* xue_back.png in Resources */,
				B99737591AEA1D97007FFE2F /* arrow.png in Resources */,
				B94434031A999EDF001CC802 /* Background.png in Resources */,
				B94434061A999EDF001CC802 /* Menu Button Clicked.png in Resources */,
				3EACC98F19EE6D4300EB3C5E /* res in Resources */,
				B9F980B81AA9221D00FF2CA4 /* kuang.png in Resources */,
				B953A89D1A7C9C6C00C85339 /* Wing.mp3 in Resources */,
				B944340F1A999EDF001CC802 /* Title.png in Resources */,
				B944340C1A999EDF001CC802 /* Retry Button.png in Resources */,
				50EF629817ECD46A001EB2F8 /* Icon-80.png in Resources */,
				B90D94FE1AC797D1005E8020 /* health.png in Resources */,
				B953A8991A7C9C6C00C85339 /* Hit.mp3 in Resources */,
				B9E53B821AA7DF6C004684AC /* explode in Resources */,
				B9E5D5791AE479E600FB2DF5 /* TransBackground.jpg in Resources */,
				5087E78417EB970100C73F5D /* Icon-57.png in Resources */,
				B99FA2501AE0821200E52705 /* bullet.png in Resources */,
				B924E6B31AA9873D008D38EB /* Buttons in Resources */,
				B94CEBC01AE46D550054D735 /* 19.png in Resources */,
				B9A7EE861AAD6D87001196AD /* fireball.png in Resources */,
				5087E77E17EB970100C73F5D /* Default.png in Resources */,
				521A8E6419F0C34300D177D7 /* Default-667h@2x.png in Resources */,
				B9F980C11AA9224D00FF2CA4 /* character.png in Resources */,
				50EF629717ECD46A001EB2F8 /* Icon-58.png in Resources */,
				B9B583981AA3C99B00C82040 /* bomb.png in Resources */,
			);
			runOnlyForDeploymentPostprocessing = 0;
		};
		5087E74817EB910900C73F5D /* Resources */ = {
			isa = PBXResourcesBuildPhase;
			buildActionMask = 2147483647;
			files = (
				B9E53B831AA7DF6C004684AC /* explode in Resources */,
				B9F980BB1AA9221D00FF2CA4 /* touxiang.png in Resources */,
				B9B5839E1AA3DE2900C82040 /* bear1.png in Resources */,
				B9F980AF1AA9217E00FF2CA4 /* character in Resources */,
				B90C4D5E1A80895800F9D88A /* BearAnimation in Resources */,
				503AE0F817EB97AB00D1A890 /* Icon.icns in Resources */,
				3EACC99019EE6D4300EB3C5E /* res in Resources */,
				B9F980BD1AA9221D00FF2CA4 /* xue_back.png in Resources */,
				B9F980B91AA9221D00FF2CA4 /* kuang.png in Resources */,
				B9B5839B1AA3D26200C82040 /* numbers in Resources */,
				B9F980BF1AA9221D00FF2CA4 /* xue_fore.png in Resources */,
				B953A89C1A7C9C6C00C85339 /* Point.mp3 in Resources */,
				521A8EAA19F11F5000D177D7 /* fonts in Resources */,
				B9F980C21AA9224D00FF2CA4 /* character.png in Resources */,
				B94A287A1AAB9B4600E67907 /* bbg_fall_grassland.jpg in Resources */,
				B953A89A1A7C9C6C00C85339 /* Hit.mp3 in Resources */,
				B953A89E1A7C9C6C00C85339 /* Wing.mp3 in Resources */,
				B94A28741AAB91B600E67907 /* MonsterAnimation in Resources */,
			);
			runOnlyForDeploymentPostprocessing = 0;
		};
/* End PBXResourcesBuildPhase section */

/* Begin PBXSourcesBuildPhase section */
		1D60588E0D05DD3D006BFB54 /* Sources */ = {
			isa = PBXSourcesBuildPhase;
			buildActionMask = 2147483647;
			files = (
				B9E5D5841AE4822B00FB2DF5 /* monster2.cpp in Sources */,
				B968ED3A1ADC349C00E957B8 /* Boss.cpp in Sources */,
				B9E5D58F1AE48E2000FB2DF5 /* GameScene3.cpp in Sources */,
				46880B8819C43A87006E1F66 /* AppDelegate.cpp in Sources */,
				B953A8A11A7C9DC800C85339 /* SplashScene.cpp in Sources */,
				B953A8AD1A7CA01D00C85339 /* MainMenuScene.cpp in Sources */,
				B934FD7F1A916170004AE287 /* Character.cpp in Sources */,
				B93F95471A7F3FF700F21148 /* SneakyJoystickSkinnedBase.cpp in Sources */,
				B93F95451A7F3FF700F21148 /* SneakyJoystick.cpp in Sources */,
				503AE10017EB989F00D1A890 /* AppController.mm in Sources */,
				B9F980B21AA921AA00FF2CA4 /* ProgressView.cpp in Sources */,
				B9E5D5921AE4916B00FB2DF5 /* TranScene2.cpp in Sources */,
				B94A28701AAB916700E67907 /* monster.cpp in Sources */,
				503AE10217EB989F00D1A890 /* RootViewController.mm in Sources */,
				B953A8AB1A7CA01D00C85339 /* GameScene.cpp in Sources */,
				B90D94FC1AC77DFF005E8020 /* bread.cpp in Sources */,
				B953A8A91A7CA01D00C85339 /* GameOverScene.cpp in Sources */,
				B9E5D5851AE4822B00FB2DF5 /* TransScene.cpp in Sources */,
				B9D3EFE31A9E535E00DEB208 /* Item.cpp in Sources */,
				B9E5D58A1AE4840700FB2DF5 /* GameScene2.cpp in Sources */,
				503AE10117EB989F00D1A890 /* main.m in Sources */,
			);
			runOnlyForDeploymentPostprocessing = 0;
		};
		5087E75617EB910900C73F5D /* Sources */ = {
			isa = PBXSourcesBuildPhase;
			buildActionMask = 2147483647;
			files = (
				B953A8AC1A7CA01D00C85339 /* GameScene.cpp in Sources */,
				46880B8919C43A87006E1F66 /* AppDelegate.cpp in Sources */,
				B934FD801A916170004AE287 /* Character.cpp in Sources */,
				B953A8A21A7C9DC800C85339 /* SplashScene.cpp in Sources */,
				B953A8AA1A7CA01D00C85339 /* GameOverScene.cpp in Sources */,
				B94A28711AAB916700E67907 /* monster.cpp in Sources */,
				B93F95461A7F3FF700F21148 /* SneakyJoystick.cpp in Sources */,
				B9F980B31AA921AA00FF2CA4 /* ProgressView.cpp in Sources */,
				B953A8AE1A7CA01D00C85339 /* MainMenuScene.cpp in Sources */,
				B93F95481A7F3FF700F21148 /* SneakyJoystickSkinnedBase.cpp in Sources */,
				503AE10517EB98FF00D1A890 /* main.cpp in Sources */,
			);
			runOnlyForDeploymentPostprocessing = 0;
		};
/* End PBXSourcesBuildPhase section */

/* Begin PBXTargetDependency section */
		1AC6FB16180E9959004C840B /* PBXTargetDependency */ = {
			isa = PBXTargetDependency;
			name = "cocos2dx Mac";
			targetProxy = 1AC6FB15180E9959004C840B /* PBXContainerItemProxy */;
		};
		1AC6FB25180E99E1004C840B /* PBXTargetDependency */ = {
			isa = PBXTargetDependency;
			name = "cocos2dx iOS";
			targetProxy = 1AC6FB24180E99E1004C840B /* PBXContainerItemProxy */;
		};
/* End PBXTargetDependency section */

/* Begin XCBuildConfiguration section */
		1D6058940D05DD3E006BFB54 /* Debug */ = {
			isa = XCBuildConfiguration;
			buildSettings = {
				ALWAYS_SEARCH_USER_PATHS = YES;
				CODE_SIGN_IDENTITY = "iPhone Developer";
				COMPRESS_PNG_FILES = NO;
				GCC_DYNAMIC_NO_PIC = NO;
				GCC_INLINES_ARE_PRIVATE_EXTERN = NO;
				GCC_PRECOMPILE_PREFIX_HEADER = YES;
				GCC_PREFIX_HEADER = ios/Prefix.pch;
				GCC_PREPROCESSOR_DEFINITIONS = (
					USE_FILE32API,
					CC_TARGET_OS_IPHONE,
					"COCOS2D_DEBUG=1",
					"CC_ENABLE_CHIPMUNK_INTEGRATION=1",
				);
				GCC_SYMBOLS_PRIVATE_EXTERN = NO;
				HEADER_SEARCH_PATHS = (
					"$(inherited)",
					"$(SRCROOT)/../cocos2d/cocos/platform/ios",
					"$(SRCROOT)/../cocos2d/cocos/platform/ios/Simulation",
				);
				INFOPLIST_FILE = ios/Info.plist;
				IPHONEOS_DEPLOYMENT_TARGET = 5.0;
				LIBRARY_SEARCH_PATHS = "";
				SDKROOT = iphoneos;
				TARGETED_DEVICE_FAMILY = "1,2";
				USER_HEADER_SEARCH_PATHS = "";
				VALID_ARCHS = "arm64 armv7";
			};
			name = Debug;
		};
		1D6058950D05DD3E006BFB54 /* Release */ = {
			isa = XCBuildConfiguration;
			buildSettings = {
				ALWAYS_SEARCH_USER_PATHS = YES;
				CODE_SIGN_IDENTITY = "iPhone Developer";
				COMPRESS_PNG_FILES = NO;
				GCC_INLINES_ARE_PRIVATE_EXTERN = NO;
				GCC_PRECOMPILE_PREFIX_HEADER = YES;
				GCC_PREFIX_HEADER = ios/Prefix.pch;
				GCC_PREPROCESSOR_DEFINITIONS = (
					USE_FILE32API,
					CC_TARGET_OS_IPHONE,
					"CC_ENABLE_CHIPMUNK_INTEGRATION=1",
				);
				GCC_SYMBOLS_PRIVATE_EXTERN = NO;
				HEADER_SEARCH_PATHS = (
					"$(inherited)",
					"$(SRCROOT)/../cocos2d/cocos/platform/ios",
					"$(SRCROOT)/../cocos2d/cocos/platform/ios/Simulation",
				);
				INFOPLIST_FILE = ios/Info.plist;
				IPHONEOS_DEPLOYMENT_TARGET = 5.0;
				LIBRARY_SEARCH_PATHS = "";
				SDKROOT = iphoneos;
				TARGETED_DEVICE_FAMILY = "1,2";
				USER_HEADER_SEARCH_PATHS = "";
				VALID_ARCHS = "arm64 armv7";
			};
			name = Release;
		};
		5087E76D17EB910900C73F5D /* Debug */ = {
			isa = XCBuildConfiguration;
			buildSettings = {
				ALWAYS_SEARCH_USER_PATHS = YES;
				CLANG_CXX_LANGUAGE_STANDARD = "c++0x";
				CLANG_CXX_LIBRARY = "libc++";
				COMBINE_HIDPI_IMAGES = YES;
				GCC_DYNAMIC_NO_PIC = NO;
				GCC_INLINES_ARE_PRIVATE_EXTERN = NO;
				GCC_PRECOMPILE_PREFIX_HEADER = YES;
				GCC_PREFIX_HEADER = mac/Prefix.pch;
				GCC_PREPROCESSOR_DEFINITIONS = (
					USE_FILE32API,
					CC_TARGET_OS_MAC,
					"COCOS2D_DEBUG=1",
					"CC_ENABLE_CHIPMUNK_INTEGRATION=1",
				);
				GCC_SYMBOLS_PRIVATE_EXTERN = NO;
				HEADER_SEARCH_PATHS = (
					"$(inherited)",
					"$(SRCROOT)/../cocos2d/cocos/platform/mac",
					"$(SRCROOT)/../cocos2d/external/glfw3/include/mac",
				);
				INFOPLIST_FILE = mac/Info.plist;
				LIBRARY_SEARCH_PATHS = "";
				USER_HEADER_SEARCH_PATHS = "";
			};
			name = Debug;
		};
		5087E76E17EB910900C73F5D /* Release */ = {
			isa = XCBuildConfiguration;
			buildSettings = {
				ALWAYS_SEARCH_USER_PATHS = YES;
				CLANG_CXX_LANGUAGE_STANDARD = "c++0x";
				CLANG_CXX_LIBRARY = "libc++";
				COMBINE_HIDPI_IMAGES = YES;
				GCC_INLINES_ARE_PRIVATE_EXTERN = NO;
				GCC_PRECOMPILE_PREFIX_HEADER = YES;
				GCC_PREFIX_HEADER = mac/Prefix.pch;
				GCC_PREPROCESSOR_DEFINITIONS = (
					USE_FILE32API,
					CC_TARGET_OS_MAC,
					"CC_ENABLE_CHIPMUNK_INTEGRATION=1",
				);
				GCC_SYMBOLS_PRIVATE_EXTERN = NO;
				HEADER_SEARCH_PATHS = (
					"$(inherited)",
					"$(SRCROOT)/../cocos2d/cocos/platform/mac",
					"$(SRCROOT)/../cocos2d/external/glfw3/include/mac",
				);
				INFOPLIST_FILE = mac/Info.plist;
				LIBRARY_SEARCH_PATHS = "";
				USER_HEADER_SEARCH_PATHS = "";
			};
			name = Release;
		};
		C01FCF4F08A954540054247B /* Debug */ = {
			isa = XCBuildConfiguration;
			buildSettings = {
				CLANG_CXX_LANGUAGE_STANDARD = "c++0x";
				CLANG_CXX_LIBRARY = "libc++";
				COPY_PHASE_STRIP = NO;
				GCC_OPTIMIZATION_LEVEL = 0;
				GCC_WARN_ABOUT_RETURN_TYPE = YES;
				GCC_WARN_UNUSED_VARIABLE = YES;
				HEADER_SEARCH_PATHS = (
					"$(SRCROOT)/../cocos2d",
					"$(SRCROOT)/../cocos2d/cocos",
					"$(SRCROOT)/../cocos2d/cocos/base",
					"$(SRCROOT)/../cocos2d/cocos/physics",
					"$(SRCROOT)/../cocos2d/cocos/math",
					"$(SRCROOT)/../cocos2d/cocos/2d",
					"$(SRCROOT)/../cocos2d/cocos/ui",
					"$(SRCROOT)/../cocos2d/cocos/network",
					"$(SRCROOT)/../cocos2d/cocos/audio/include",
					"$(SRCROOT)/../cocos2d/cocos/editor-support",
					"$(SRCROOT)/../cocos2d/extensions",
					"$(SRCROOT)/../cocos2d/external",
					"$(SRCROOT)/../cocos2d/external/chipmunk/include/chipmunk",
				);
				IPHONEOS_DEPLOYMENT_TARGET = 8.1;
				MACOSX_DEPLOYMENT_TARGET = 10.7;
				ONLY_ACTIVE_ARCH = YES;
				PRODUCT_NAME = "$(TARGET_NAME)";
				SDKROOT = macosx;
			};
			name = Debug;
		};
		C01FCF5008A954540054247B /* Release */ = {
			isa = XCBuildConfiguration;
			buildSettings = {
				CLANG_CXX_LANGUAGE_STANDARD = "c++0x";
				CLANG_CXX_LIBRARY = "libc++";
				GCC_WARN_ABOUT_RETURN_TYPE = YES;
				GCC_WARN_UNUSED_VARIABLE = YES;
				HEADER_SEARCH_PATHS = (
					"$(SRCROOT)/../cocos2d",
					"$(SRCROOT)/../cocos2d/cocos",
					"$(SRCROOT)/../cocos2d/cocos/base",
					"$(SRCROOT)/../cocos2d/cocos/physics",
					"$(SRCROOT)/../cocos2d/cocos/math",
					"$(SRCROOT)/../cocos2d/cocos/2d",
					"$(SRCROOT)/../cocos2d/cocos/ui",
					"$(SRCROOT)/../cocos2d/cocos/network",
					"$(SRCROOT)/../cocos2d/cocos/audio/include",
					"$(SRCROOT)/../cocos2d/cocos/editor-support",
					"$(SRCROOT)/../cocos2d/extensions",
					"$(SRCROOT)/../cocos2d/external",
					"$(SRCROOT)/../cocos2d/external/chipmunk/include/chipmunk",
				);
				IPHONEOS_DEPLOYMENT_TARGET = 8.1;
				MACOSX_DEPLOYMENT_TARGET = 10.7;
				OTHER_CFLAGS = "-DNS_BLOCK_ASSERTIONS=1";
				PRODUCT_NAME = "$(TARGET_NAME)";
				SDKROOT = macosx;
				VALIDATE_PRODUCT = YES;
			};
			name = Release;
		};
/* End XCBuildConfiguration section */

/* Begin XCConfigurationList section */
		1D6058960D05DD3E006BFB54 /* Build configuration list for PBXNativeTarget "schoolKeeper iOS" */ = {
			isa = XCConfigurationList;
			buildConfigurations = (
				1D6058940D05DD3E006BFB54 /* Debug */,
				1D6058950D05DD3E006BFB54 /* Release */,
			);
			defaultConfigurationIsVisible = 0;
			defaultConfigurationName = Debug;
		};
		5087E76C17EB910900C73F5D /* Build configuration list for PBXNativeTarget "schoolKeeper Mac" */ = {
			isa = XCConfigurationList;
			buildConfigurations = (
				5087E76D17EB910900C73F5D /* Debug */,
				5087E76E17EB910900C73F5D /* Release */,
			);
			defaultConfigurationIsVisible = 0;
			defaultConfigurationName = Debug;
		};
		C01FCF4E08A954540054247B /* Build configuration list for PBXProject "schoolKeeper" */ = {
			isa = XCConfigurationList;
			buildConfigurations = (
				C01FCF4F08A954540054247B /* Debug */,
				C01FCF5008A954540054247B /* Release */,
			);
			defaultConfigurationIsVisible = 0;
			defaultConfigurationName = Debug;
		};
/* End XCConfigurationList section */
	};
	rootObject = 29B97313FDCFA39411CA2CEA /* Project object */;
}
